
Microsoft Visual Studio Solution File, Format Version 12.00
# Visual Studio Version 17
VisualStudioVersion = 17.11.35312.102
MinimumVisualStudioVersion = 10.0.40219.1
Project("{8BC9CEB8-8B4A-11D0-8D11-00A0C91BC942}") = "2.27", "2.27\2.27.vcxproj", "{7BA7A79D-CE59-4656-809A-D74BCF8CFADC}"
EndProject
Global
	GlobalSection(SolutionConfigurationPlatforms) = preSolution
		Debug|x64 = Debug|x64
		Debug|x86 = Debug|x86
		Release|x64 = Release|x64
		Release|x86 = Release|x86
	EndGlobalSection
	GlobalSection(ProjectConfigurationPlatforms) = postSolution
		{7BA7A79D-CE59-4656-809A-D74BCF8CFADC}.Debug|x64.ActiveCfg = Debug|x64
		{7BA7A79D-CE59-4656-809A-D74BCF8CFADC}.Debug|x64.Build.0 = Debug|x64
		{7BA7A79D-CE59-4656-809A-D74BCF8CFADC}.Debug|x86.ActiveCfg = Debug|Win32
		{7BA7A79D-CE59-4656-809A-D74BCF8CFADC}.Debug|x86.Build.0 = Debug|Win32
		{7BA7A79D-CE59-4656-809A-D74BCF8CFADC}.Release|x64.ActiveCfg = Release|x64
		{7BA7A79D-CE59-4656-809A-D74BCF8CFADC}.Release|x64.Build.0 = Release|x64
		{7BA7A79D-CE59-4656-809A-D74BCF8CFADC}.Release|x86.ActiveCfg = Release|Win32
		{7BA7A79D-CE59-4656-809A-D74BCF8CFADC}.Release|x86.Build.0 = Release|Win32
	EndGlobalSection
	GlobalSection(SolutionProperties) = preSolution
		HideSolutionNode = FALSE
	EndGlobalSection
	GlobalSection(ExtensibilityGlobals) = postSolution
		SolutionGuid = {83DBFBAD-8675-4503-9B8F-40F1E91B6913}
	EndGlobalSection
EndGlobal
